
Microsoft Visual Studio Solution File, Format Version 12.00
# Visual Studio Version 16
VisualStudioVersion = 16.0.34031.81
MinimumVisualStudioVersion = 10.0.40219.1
Project("{2150E333-8FDC-42A3-9474-1A3956D46DE8}") = "Task0", "Task0", "{A2D631F5-11B7-4054-A98E-152197D40CF7}"
EndProject
Project("{FAE04EC0-301F-11D3-BF4B-00C04F79EFBC}") = "Tyuiu.SavitskyDA.Sprint0.Task0.V0", "Tyuiu.SavitskyDA.Sprint0.Task0.V0\Tyuiu.SavitskyDA.Sprint0.Task0.V0.csproj", "{A73C4CEC-8935-4ADE-BECD-1C7456835932}"
EndProject
Project("{2150E333-8FDC-42A3-9474-1A3956D46DE8}") = "Task1", "Task1", "{6C8B75F7-AD7B-44E0-AC6D-7A56C1CCDD53}"
EndProject
Project("{FAE04EC0-301F-11D3-BF4B-00C04F79EFBC}") = "Tyuiu.SavitskyDA.Sprint0.Task1.V0", "Tyuiu.SavitskyDA.Sprint0.Task1.V0\Tyuiu.SavitskyDA.Sprint0.Task1.V0.csproj", "{A5BFE858-173A-4786-8704-5F01A2F252E1}"
EndProject
Project("{2150E333-8FDC-42A3-9474-1A3956D46DE8}") = "Task2", "Task2", "{CF858B4A-D7EA-40E8-A3D6-25D2A01F0750}"
EndProject
Project("{FAE04EC0-301F-11D3-BF4B-00C04F79EFBC}") = "Tyuiu.SavitskyDA.Sprint0.Task2.V0", "Tyuiu.SavitskyDA.Sprint0.Task2.V0\Tyuiu.SavitskyDA.Sprint0.Task2.V0.csproj", "{2090848F-8438-4DC8-902D-376AD41F6EFB}"
EndProject
Project("{FAE04EC0-301F-11D3-BF4B-00C04F79EFBC}") = "Tyuiu.SavitskyDA.Sprint0.Task2.V0.Lib", "Tyuiu.SavitskyDA.Sprint0.Task2.V0.Lib\Tyuiu.SavitskyDA.Sprint0.Task2.V0.Lib.csproj", "{4D89D2AB-6F38-49DC-8459-AED82CBBC546}"
EndProject
Project("{FAE04EC0-301F-11D3-BF4B-00C04F79EFBC}") = "Tyuiu.SavitskyDA.Sprint0.Task2.V0.Test", "Tyuiu.SavitskyDA.Sprint0.Task2.V0.Test\Tyuiu.SavitskyDA.Sprint0.Task2.V0.Test.csproj", "{2127A1AF-63EA-4398-AFD2-84B88DF4532C}"
EndProject
Project("{2150E333-8FDC-42A3-9474-1A3956D46DE8}") = "Task3", "Task3", "{41FB3605-B243-4D71-BFF5-2E88FAE0EA94}"
EndProject
Project("{FAE04EC0-301F-11D3-BF4B-00C04F79EFBC}") = "Tyuiu.SavitskyDA.Sprint0.Task3.V0", "Tyuiu.SavitskyDA.Sprint0.Task3.V0\Tyuiu.SavitskyDA.Sprint0.Task3.V0.csproj", "{767817A0-72B1-43E0-B5FB-027488FBDACA}"
EndProject
Project("{FAE04EC0-301F-11D3-BF4B-00C04F79EFBC}") = "Tyuiu.SavitskyDA.Sprint0.Task3.V0.Lib", "Tyuiu.SavitskyDA.Sprint0.Task3.V0.Lib\Tyuiu.SavitskyDA.Sprint0.Task3.V0.Lib.csproj", "{6FB805C4-7C97-4472-AD21-A2690E05DEAE}"
EndProject
Project("{FAE04EC0-301F-11D3-BF4B-00C04F79EFBC}") = "Tyuiu.SavitskyDA.Sprint0.Task3.V0.Test", "Tyuiu.SavitskyDA.Sprint0.Task3.V0.Test\Tyuiu.SavitskyDA.Sprint0.Task3.V0.Test.csproj", "{5DD0BCF1-FAC3-4824-BCF8-F61BAF5C053E}"
EndProject
Project("{2150E333-8FDC-42A3-9474-1A3956D46DE8}") = "Task4", "Task4", "{ABB6BBFB-FEDE-4A81-97D2-CB3CE4BE933E}"
EndProject
Project("{FAE04EC0-301F-11D3-BF4B-00C04F79EFBC}") = "Tyuiu.SavitskyDA.Sprint0.Task4.V0", "Tyuiu.SavitskyDA.Sprint0.Task4.V0\Tyuiu.SavitskyDA.Sprint0.Task4.V0.csproj", "{EA684ADB-7AF7-466A-9A39-B0D2819F726E}"
EndProject
Project("{FAE04EC0-301F-11D3-BF4B-00C04F79EFBC}") = "Tyuiu.SavitskyDA.Sprint0.Task4.V0.Lib", "Tyuiu.SavitskyDA.Sprint0.Task4.V0.Lib\Tyuiu.SavitskyDA.Sprint0.Task4.V0.Lib.csproj", "{B40CA5CB-1C26-407D-AFF7-AC0A70EAC463}"
EndProject
Project("{FAE04EC0-301F-11D3-BF4B-00C04F79EFBC}") = "Tyuiu.SavitskyDA.Sprint0.Task4.V0.Test", "Tyuiu.SavitskyDA.Sprint0.Task4.V0.Test\Tyuiu.SavitskyDA.Sprint0.Task4.V0.Test.csproj", "{40C10F94-44D3-4900-AC4A-B62C210B9998}"
EndProject
Project("{2150E333-8FDC-42A3-9474-1A3956D46DE8}") = "Task5", "Task5", "{7BED3A3A-E45D-4867-B7E5-4303391CD56E}"
EndProject
Project("{FAE04EC0-301F-11D3-BF4B-00C04F79EFBC}") = "Tyuiu.SavitskyDA.Sprint0.Task5.V0", "Tyuiu.SavitskyDA.Sprint0.Task5.V0\Tyuiu.SavitskyDA.Sprint0.Task5.V0.csproj", "{4ED6E49D-90E2-4540-B87B-10C7A73CDC83}"
EndProject
Project("{FAE04EC0-301F-11D3-BF4B-00C04F79EFBC}") = "Tyuiu.SavitskyDA.Sprint0.Task5.V0.Lib", "Tyuiu.SavitskyDA.Sprint0.Task5.V0.Lib\Tyuiu.SavitskyDA.Sprint0.Task5.V0.Lib.csproj", "{D34FD334-70DD-4413-8201-6A74BA0FC815}"
EndProject
Project("{FAE04EC0-301F-11D3-BF4B-00C04F79EFBC}") = "Tyuiu.SavitskyDA.Sprint0.Task5.V0.Test", "Tyuiu.SavitskyDA.Sprint0.Task5.V0.Test\Tyuiu.SavitskyDA.Sprint0.Task5.V0.Test.csproj", "{FDA2AF34-9F37-494D-A84F-A920E450865A}"
EndProject
Global
	GlobalSection(SolutionConfigurationPlatforms) = preSolution
		Debug|Any CPU = Debug|Any CPU
		Release|Any CPU = Release|Any CPU
	EndGlobalSection
	GlobalSection(ProjectConfigurationPlatforms) = postSolution
		{A73C4CEC-8935-4ADE-BECD-1C7456835932}.Debug|Any CPU.ActiveCfg = Debug|Any CPU
		{A73C4CEC-8935-4ADE-BECD-1C7456835932}.Debug|Any CPU.Build.0 = Debug|Any CPU
		{A73C4CEC-8935-4ADE-BECD-1C7456835932}.Release|Any CPU.ActiveCfg = Release|Any CPU
		{A73C4CEC-8935-4ADE-BECD-1C7456835932}.Release|Any CPU.Build.0 = Release|Any CPU
		{A5BFE858-173A-4786-8704-5F01A2F252E1}.Debug|Any CPU.ActiveCfg = Debug|Any CPU
		{A5BFE858-173A-4786-8704-5F01A2F252E1}.Debug|Any CPU.Build.0 = Debug|Any CPU
		{A5BFE858-173A-4786-8704-5F01A2F252E1}.Release|Any CPU.ActiveCfg = Release|Any CPU
		{A5BFE858-173A-4786-8704-5F01A2F252E1}.Release|Any CPU.Build.0 = Release|Any CPU
		{2090848F-8438-4DC8-902D-376AD41F6EFB}.Debug|Any CPU.ActiveCfg = Debug|Any CPU
		{2090848F-8438-4DC8-902D-376AD41F6EFB}.Debug|Any CPU.Build.0 = Debug|Any CPU
		{2090848F-8438-4DC8-902D-376AD41F6EFB}.Release|Any CPU.ActiveCfg = Release|Any CPU
		{2090848F-8438-4DC8-902D-376AD41F6EFB}.Release|Any CPU.Build.0 = Release|Any CPU
		{4D89D2AB-6F38-49DC-8459-AED82CBBC546}.Debug|Any CPU.ActiveCfg = Debug|Any CPU
		{4D89D2AB-6F38-49DC-8459-AED82CBBC546}.Debug|Any CPU.Build.0 = Debug|Any CPU
		{4D89D2AB-6F38-49DC-8459-AED82CBBC546}.Release|Any CPU.ActiveCfg = Release|Any CPU
		{4D89D2AB-6F38-49DC-8459-AED82CBBC546}.Release|Any CPU.Build.0 = Release|Any CPU
		{2127A1AF-63EA-4398-AFD2-84B88DF4532C}.Debug|Any CPU.ActiveCfg = Debug|Any CPU
		{2127A1AF-63EA-4398-AFD2-84B88DF4532C}.Debug|Any CPU.Build.0 = Debug|Any CPU
		{2127A1AF-63EA-4398-AFD2-84B88DF4532C}.Release|Any CPU.ActiveCfg = Release|Any CPU
		{2127A1AF-63EA-4398-AFD2-84B88DF4532C}.Release|Any CPU.Build.0 = Release|Any CPU
		{767817A0-72B1-43E0-B5FB-027488FBDACA}.Debug|Any CPU.ActiveCfg = Debug|Any CPU
		{767817A0-72B1-43E0-B5FB-027488FBDACA}.Debug|Any CPU.Build.0 = Debug|Any CPU
		{767817A0-72B1-43E0-B5FB-027488FBDACA}.Release|Any CPU.ActiveCfg = Release|Any CPU
		{767817A0-72B1-43E0-B5FB-027488FBDACA}.Release|Any CPU.Build.0 = Release|Any CPU
		{6FB805C4-7C97-4472-AD21-A2690E05DEAE}.Debug|Any CPU.ActiveCfg = Debug|Any CPU
		{6FB805C4-7C97-4472-AD21-A2690E05DEAE}.Debug|Any CPU.Build.0 = Debug|Any CPU
		{6FB805C4-7C97-4472-AD21-A2690E05DEAE}.Release|Any CPU.ActiveCfg = Release|Any CPU
		{6FB805C4-7C97-4472-AD21-A2690E05DEAE}.Release|Any CPU.Build.0 = Release|Any CPU
		{5DD0BCF1-FAC3-4824-BCF8-F61BAF5C053E}.Debug|Any CPU.ActiveCfg = Debug|Any CPU
		{5DD0BCF1-FAC3-4824-BCF8-F61BAF5C053E}.Debug|Any CPU.Build.0 = Debug|Any CPU
		{5DD0BCF1-FAC3-4824-BCF8-F61BAF5C053E}.Release|Any CPU.ActiveCfg = Release|Any CPU
		{5DD0BCF1-FAC3-4824-BCF8-F61BAF5C053E}.Release|Any CPU.Build.0 = Release|Any CPU
		{EA684ADB-7AF7-466A-9A39-B0D2819F726E}.Debug|Any CPU.ActiveCfg = Debug|Any CPU
		{EA684ADB-7AF7-466A-9A39-B0D2819F726E}.Debug|Any CPU.Build.0 = Debug|Any CPU
		{EA684ADB-7AF7-466A-9A39-B0D2819F726E}.Release|Any CPU.ActiveCfg = Release|Any CPU
		{EA684ADB-7AF7-466A-9A39-B0D2819F726E}.Release|Any CPU.Build.0 = Release|Any CPU
		{B40CA5CB-1C26-407D-AFF7-AC0A70EAC463}.Debug|Any CPU.ActiveCfg = Debug|Any CPU
		{B40CA5CB-1C26-407D-AFF7-AC0A70EAC463}.Debug|Any CPU.Build.0 = Debug|Any CPU
		{B40CA5CB-1C26-407D-AFF7-AC0A70EAC463}.Release|Any CPU.ActiveCfg = Release|Any CPU
		{B40CA5CB-1C26-407D-AFF7-AC0A70EAC463}.Release|Any CPU.Build.0 = Release|Any CPU
		{40C10F94-44D3-4900-AC4A-B62C210B9998}.Debug|Any CPU.ActiveCfg = Debug|Any CPU
		{40C10F94-44D3-4900-AC4A-B62C210B9998}.Debug|Any CPU.Build.0 = Debug|Any CPU
		{40C10F94-44D3-4900-AC4A-B62C210B9998}.Release|Any CPU.ActiveCfg = Release|Any CPU
		{40C10F94-44D3-4900-AC4A-B62C210B9998}.Release|Any CPU.Build.0 = Release|Any CPU
		{4ED6E49D-90E2-4540-B87B-10C7A73CDC83}.Debug|Any CPU.ActiveCfg = Debug|Any CPU
		{4ED6E49D-90E2-4540-B87B-10C7A73CDC83}.Debug|Any CPU.Build.0 = Debug|Any CPU
		{4ED6E49D-90E2-4540-B87B-10C7A73CDC83}.Release|Any CPU.ActiveCfg = Release|Any CPU
		{4ED6E49D-90E2-4540-B87B-10C7A73CDC83}.Release|Any CPU.Build.0 = Release|Any CPU
		{D34FD334-70DD-4413-8201-6A74BA0FC815}.Debug|Any CPU.ActiveCfg = Debug|Any CPU
		{D34FD334-70DD-4413-8201-6A74BA0FC815}.Debug|Any CPU.Build.0 = Debug|Any CPU
		{D34FD334-70DD-4413-8201-6A74BA0FC815}.Release|Any CPU.ActiveCfg = Release|Any CPU
		{D34FD334-70DD-4413-8201-6A74BA0FC815}.Release|Any CPU.Build.0 = Release|Any CPU
		{FDA2AF34-9F37-494D-A84F-A920E450865A}.Debug|Any CPU.ActiveCfg = Debug|Any CPU
		{FDA2AF34-9F37-494D-A84F-A920E450865A}.Debug|Any CPU.Build.0 = Debug|Any CPU
		{FDA2AF34-9F37-494D-A84F-A920E450865A}.Release|Any CPU.ActiveCfg = Release|Any CPU
		{FDA2AF34-9F37-494D-A84F-A920E450865A}.Release|Any CPU.Build.0 = Release|Any CPU
	EndGlobalSection
	GlobalSection(SolutionProperties) = preSolution
		HideSolutionNode = FALSE
	EndGlobalSection
	GlobalSection(NestedProjects) = preSolution
		{A73C4CEC-8935-4ADE-BECD-1C7456835932} = {A2D631F5-11B7-4054-A98E-152197D40CF7}
		{A5BFE858-173A-4786-8704-5F01A2F252E1} = {6C8B75F7-AD7B-44E0-AC6D-7A56C1CCDD53}
		{2090848F-8438-4DC8-902D-376AD41F6EFB} = {CF858B4A-D7EA-40E8-A3D6-25D2A01F0750}
		{4D89D2AB-6F38-49DC-8459-AED82CBBC546} = {CF858B4A-D7EA-40E8-A3D6-25D2A01F0750}
		{2127A1AF-63EA-4398-AFD2-84B88DF4532C} = {CF858B4A-D7EA-40E8-A3D6-25D2A01F0750}
		{767817A0-72B1-43E0-B5FB-027488FBDACA} = {41FB3605-B243-4D71-BFF5-2E88FAE0EA94}
		{6FB805C4-7C97-4472-AD21-A2690E05DEAE} = {41FB3605-B243-4D71-BFF5-2E88FAE0EA94}
		{5DD0BCF1-FAC3-4824-BCF8-F61BAF5C053E} = {41FB3605-B243-4D71-BFF5-2E88FAE0EA94}
		{EA684ADB-7AF7-466A-9A39-B0D2819F726E} = {ABB6BBFB-FEDE-4A81-97D2-CB3CE4BE933E}
		{B40CA5CB-1C26-407D-AFF7-AC0A70EAC463} = {ABB6BBFB-FEDE-4A81-97D2-CB3CE4BE933E}
		{40C10F94-44D3-4900-AC4A-B62C210B9998} = {ABB6BBFB-FEDE-4A81-97D2-CB3CE4BE933E}
		{4ED6E49D-90E2-4540-B87B-10C7A73CDC83} = {7BED3A3A-E45D-4867-B7E5-4303391CD56E}
		{D34FD334-70DD-4413-8201-6A74BA0FC815} = {7BED3A3A-E45D-4867-B7E5-4303391CD56E}
		{FDA2AF34-9F37-494D-A84F-A920E450865A} = {7BED3A3A-E45D-4867-B7E5-4303391CD56E}
	EndGlobalSection
	GlobalSection(ExtensibilityGlobals) = postSolution
		SolutionGuid = {036CC1CD-B0CC-4874-87B4-1D4CC9B30C46}
	EndGlobalSection
EndGlobal
